
Microsoft Visual Studio Solution File, Format Version 12.00
# Visual Studio Version 16
VisualStudioVersion = 16.0.31205.134
MinimumVisualStudioVersion = 10.0.40219.1
Project("{FAE04EC0-301F-11D3-BF4B-00C04F79EFBC}") = "WindowsOptimizerCore", "WindowsOptimizerCore\WindowsOptimizerCore.csproj", "{27C9F7EF-8092-4539-BFCE-7D5B0FA6B26D}"
EndProject
Project("{FAE04EC0-301F-11D3-BF4B-00C04F79EFBC}") = "WindowsOptimizerGUI", "WindowsOptimizerGUI\WindowsOptimizerGUI.csproj", "{9EB812DA-4150-4F42-BF2B-6DF53591FFFB}"
EndProject
Project("{FAE04EC0-301F-11D3-BF4B-00C04F79EFBC}") = "WindowsOptimizerConsole", "WindowsOptimizerConsole\WindowsOptimizerConsole.csproj", "{56E8B7C7-6A53-4130-9EDD-13CD255766AB}"
EndProject
Global
	GlobalSection(SolutionConfigurationPlatforms) = preSolution
		Debug|Any CPU = Debug|Any CPU
		Release|Any CPU = Release|Any CPU
	EndGlobalSection
	GlobalSection(ProjectConfigurationPlatforms) = postSolution
		{27C9F7EF-8092-4539-BFCE-7D5B0FA6B26D}.Debug|Any CPU.ActiveCfg = Debug|Any CPU
		{27C9F7EF-8092-4539-BFCE-7D5B0FA6B26D}.Debug|Any CPU.Build.0 = Debug|Any CPU
		{27C9F7EF-8092-4539-BFCE-7D5B0FA6B26D}.Release|Any CPU.ActiveCfg = Release|Any CPU
		{27C9F7EF-8092-4539-BFCE-7D5B0FA6B26D}.Release|Any CPU.Build.0 = Release|Any CPU
		{9EB812DA-4150-4F42-BF2B-6DF53591FFFB}.Debug|Any CPU.ActiveCfg = Debug|Any CPU
		{9EB812DA-4150-4F42-BF2B-6DF53591FFFB}.Debug|Any CPU.Build.0 = Debug|Any CPU
		{9EB812DA-4150-4F42-BF2B-6DF53591FFFB}.Release|Any CPU.ActiveCfg = Release|Any CPU
		{9EB812DA-4150-4F42-BF2B-6DF53591FFFB}.Release|Any CPU.Build.0 = Release|Any CPU
		{56E8B7C7-6A53-4130-9EDD-13CD255766AB}.Debug|Any CPU.ActiveCfg = Debug|Any CPU
		{56E8B7C7-6A53-4130-9EDD-13CD255766AB}.Debug|Any CPU.Build.0 = Debug|Any CPU
		{56E8B7C7-6A53-4130-9EDD-13CD255766AB}.Release|Any CPU.ActiveCfg = Release|Any CPU
		{56E8B7C7-6A53-4130-9EDD-13CD255766AB}.Release|Any CPU.Build.0 = Release|Any CPU
	EndGlobalSection
	GlobalSection(SolutionProperties) = preSolution
		HideSolutionNode = FALSE
	EndGlobalSection
	GlobalSection(ExtensibilityGlobals) = postSolution
		SolutionGuid = {E3DCD9A1-AF4C-4D68-8487-02BCCD1AE652}
	EndGlobalSection
EndGlobal
